
Microsoft Visual Studio Solution File, Format Version 12.00
# Visual Studio Version 16
VisualStudioVersion = 16.0.29102.190
MinimumVisualStudioVersion = 10.0.40219.1
Project("{FAE04EC0-301F-11D3-BF4B-00C04F79EFBC}") = "SnoopAppForZR04RN", "SnoopAppForZR04RN\SnoopAppForZR04RN.csproj", "{5ECC9682-6E49-4524-A501-2E34EFF24ED1}"
EndProject
Global
	GlobalSection(SolutionConfigurationPlatforms) = preSolution
		Debug|Any CPU = Debug|Any CPU
		Release|Any CPU = Release|Any CPU
	EndGlobalSection
	GlobalSection(ProjectConfigurationPlatforms) = postSolution
		{5ECC9682-6E49-4524-A501-2E34EFF24ED1}.Debug|Any CPU.ActiveCfg = Debug|Any CPU
		{5ECC9682-6E49-4524-A501-2E34EFF24ED1}.Debug|Any CPU.Build.0 = Debug|Any CPU
		{5ECC9682-6E49-4524-A501-2E34EFF24ED1}.Release|Any CPU.ActiveCfg = Release|Any CPU
		{5ECC9682-6E49-4524-A501-2E34EFF24ED1}.Release|Any CPU.Build.0 = Release|Any CPU
	EndGlobalSection
	GlobalSection(SolutionProperties) = preSolution
		HideSolutionNode = FALSE
	EndGlobalSection
	GlobalSection(ExtensibilityGlobals) = postSolution
		SolutionGuid = {49A3ED8F-003D-4EF8-83B0-6594C9CFA909}
	EndGlobalSection
EndGlobal
