
Microsoft Visual Studio Solution File, Format Version 12.00
# Visual Studio Version 16
VisualStudioVersion = 16.0.29215.179
MinimumVisualStudioVersion = 10.0.40219.1
Project("{9A19103F-16F7-4668-BE54-9A1E7A4F7556}") = "ChangeTimeForZG2612D", "ChangeTimeForZG2612D.csproj", "{2ECC8BBF-4F8B-4559-A5ED-FBF6E5429D49}"
EndProject
Project("{9A19103F-16F7-4668-BE54-9A1E7A4F7556}") = "ApiForZR04RN", "..\ApiForZR04RN\ApiForZR04RN.csproj", "{56D8F72F-A9F2-4CFF-8274-B74DA0F7F80C}"
EndProject
Global
	GlobalSection(SolutionConfigurationPlatforms) = preSolution
		Debug|Any CPU = Debug|Any CPU
		Release|Any CPU = Release|Any CPU
	EndGlobalSection
	GlobalSection(ProjectConfigurationPlatforms) = postSolution
		{2ECC8BBF-4F8B-4559-A5ED-FBF6E5429D49}.Debug|Any CPU.ActiveCfg = Debug|Any CPU
		{2ECC8BBF-4F8B-4559-A5ED-FBF6E5429D49}.Debug|Any CPU.Build.0 = Debug|Any CPU
		{2ECC8BBF-4F8B-4559-A5ED-FBF6E5429D49}.Release|Any CPU.ActiveCfg = Release|Any CPU
		{2ECC8BBF-4F8B-4559-A5ED-FBF6E5429D49}.Release|Any CPU.Build.0 = Release|Any CPU
		{56D8F72F-A9F2-4CFF-8274-B74DA0F7F80C}.Debug|Any CPU.ActiveCfg = Debug|Any CPU
		{56D8F72F-A9F2-4CFF-8274-B74DA0F7F80C}.Debug|Any CPU.Build.0 = Debug|Any CPU
		{56D8F72F-A9F2-4CFF-8274-B74DA0F7F80C}.Release|Any CPU.ActiveCfg = Release|Any CPU
		{56D8F72F-A9F2-4CFF-8274-B74DA0F7F80C}.Release|Any CPU.Build.0 = Release|Any CPU
	EndGlobalSection
	GlobalSection(SolutionProperties) = preSolution
		HideSolutionNode = FALSE
	EndGlobalSection
	GlobalSection(ExtensibilityGlobals) = postSolution
		SolutionGuid = {FB2AE575-B8C5-4F8E-9975-05A572B8396B}
	EndGlobalSection
EndGlobal
