
Microsoft Visual Studio Solution File, Format Version 12.00
# Visual Studio Version 16
VisualStudioVersion = 16.0.29102.190
MinimumVisualStudioVersion = 10.0.40219.1
Project("{FAE04EC0-301F-11D3-BF4B-00C04F79EFBC}") = "RtspForZR04RN", "RtspForZR04RN.csproj", "{D2389790-5C2B-4828-8266-60B240E9453A}"
EndProject
Project("{9A19103F-16F7-4668-BE54-9A1E7A4F7556}") = "ApiForZR04RN", "..\ApiForZR04RN\ApiForZR04RN.csproj", "{2323AD30-FB7A-4EB7-ABAF-74FEFA8AFA79}"
EndProject
Project("{9A19103F-16F7-4668-BE54-9A1E7A4F7556}") = "RTSP", "SharpRTSP\RTSP\RTSP.csproj", "{B4781327-1127-455B-9B91-70BD7518A2A7}"
EndProject
Global
	GlobalSection(SolutionConfigurationPlatforms) = preSolution
		Debug|Any CPU = Debug|Any CPU
		Release|Any CPU = Release|Any CPU
	EndGlobalSection
	GlobalSection(ProjectConfigurationPlatforms) = postSolution
		{D2389790-5C2B-4828-8266-60B240E9453A}.Debug|Any CPU.ActiveCfg = Debug|Any CPU
		{D2389790-5C2B-4828-8266-60B240E9453A}.Debug|Any CPU.Build.0 = Debug|Any CPU
		{D2389790-5C2B-4828-8266-60B240E9453A}.Release|Any CPU.ActiveCfg = Release|Any CPU
		{D2389790-5C2B-4828-8266-60B240E9453A}.Release|Any CPU.Build.0 = Release|Any CPU
		{2323AD30-FB7A-4EB7-ABAF-74FEFA8AFA79}.Debug|Any CPU.ActiveCfg = Debug|Any CPU
		{2323AD30-FB7A-4EB7-ABAF-74FEFA8AFA79}.Debug|Any CPU.Build.0 = Debug|Any CPU
		{2323AD30-FB7A-4EB7-ABAF-74FEFA8AFA79}.Release|Any CPU.ActiveCfg = Release|Any CPU
		{2323AD30-FB7A-4EB7-ABAF-74FEFA8AFA79}.Release|Any CPU.Build.0 = Release|Any CPU
		{B4781327-1127-455B-9B91-70BD7518A2A7}.Debug|Any CPU.ActiveCfg = Debug|Any CPU
		{B4781327-1127-455B-9B91-70BD7518A2A7}.Debug|Any CPU.Build.0 = Debug|Any CPU
		{B4781327-1127-455B-9B91-70BD7518A2A7}.Release|Any CPU.ActiveCfg = Release|Any CPU
		{B4781327-1127-455B-9B91-70BD7518A2A7}.Release|Any CPU.Build.0 = Release|Any CPU
	EndGlobalSection
	GlobalSection(SolutionProperties) = preSolution
		HideSolutionNode = FALSE
	EndGlobalSection
	GlobalSection(ExtensibilityGlobals) = postSolution
		SolutionGuid = {6F809E85-504B-4952-9422-4EB2D6ED85A2}
	EndGlobalSection
EndGlobal
